{
  "name": "Site-Completo",
  "lockfileVersion": 2,
  "requires": true,
  "packages": {
    "": {
      "dependencies": {
        "chartjs-plugin-annotation": "^2.0.1"
      }
    },
    "node_modules/chart.js": {
      "version": "3.9.1",
      "resolved": "https://registry.npmjs.org/chart.js/-/chart.js-3.9.1.tgz",
      "integrity": "sha512-Ro2JbLmvg83gXF5F4sniaQ+lTbSv18E+TIf2cOeiH1Iqd2PGFOtem+DUufMZsCJwFE7ywPOpfXFBwRTGq7dh6w==",
      "peer": true
    },
    "node_modules/chartjs-plugin-annotation": {
      "version": "2.0.1",
      "resolved": "https://registry.npmjs.org/chartjs-plugin-annotation/-/chartjs-plugin-annotation-2.0.1.tgz",
      "integrity": "sha512-I+bbmiGuxW68DuhFuCS+oSJN4bzX9d3Z+xJ34+4YhrC68+fncRZgNARgJYqlkCD9s+JQohCkZ0iK/GNr+3Ug2A==",
      "peerDependencies": {
        "chart.js": "^3.7.0"
      }
    }
  },
  "dependencies": {
    "chart.js": {
      "version": "3.9.1",
      "resolved": "https://registry.npmjs.org/chart.js/-/chart.js-3.9.1.tgz",
      "integrity": "sha512-Ro2JbLmvg83gXF5F4sniaQ+lTbSv18E+TIf2cOeiH1Iqd2PGFOtem+DUufMZsCJwFE7ywPOpfXFBwRTGq7dh6w==",
      "peer": true
    },
    "chartjs-plugin-annotation": {
      "version": "2.0.1",
      "resolved": "https://registry.npmjs.org/chartjs-plugin-annotation/-/chartjs-plugin-annotation-2.0.1.tgz",
      "integrity": "sha512-I+bbmiGuxW68DuhFuCS+oSJN4bzX9d3Z+xJ34+4YhrC68+fncRZgNARgJYqlkCD9s+JQohCkZ0iK/GNr+3Ug2A==",
      "requires": {}
    }
  }
}
